// !$*UTF8*$!
{
	archiveVersion = 1;
	classes = {
	};
	objectVersion = 56;
	objects = {

/* Begin PBXBuildFile section */
		FC0DEEEF29F4B24A00E249B6 /* TestingReportsApp.swift in Sources */ = {isa = PBXBuildFile; fileRef = FC0DEEEE29F4B24A00E249B6 /* TestingReportsApp.swift */; };
		FC0DEEF129F4B24A00E249B6 /* ContentView.swift in Sources */ = {isa = PBXBuildFile; fileRef = FC0DEEF029F4B24A00E249B6 /* ContentView.swift */; };
		FC0DEEF329F4B24C00E249B6 /* Assets.xcassets in Resources */ = {isa = PBXBuildFile; fileRef = FC0DEEF229F4B24C00E249B6 /* Assets.xcassets */; };
		FC0DEEF629F4B24C00E249B6 /* Preview Assets.xcassets in Resources */ = {isa = PBXBuildFile; fileRef = FC0DEEF529F4B24C00E249B6 /* Preview Assets.xcassets */; };
		FC0DEF0029F4B24C00E249B6 /* TestingReportsTests.swift in Sources */ = {isa = PBXBuildFile; fileRef = FC0DEEFF29F4B24C00E249B6 /* TestingReportsTests.swift */; };
		FC0DEF0A29F4B24C00E249B6 /* TestingReportsUITests.swift in Sources */ = {isa = PBXBuildFile; fileRef = FC0DEF0929F4B24C00E249B6 /* TestingReportsUITests.swift */; };
		FC0DEF0C29F4B24C00E249B6 /* TestingReportsUITestsLaunchTests.swift in Sources */ = {isa = PBXBuildFile; fileRef = FC0DEF0B29F4B24C00E249B6 /* TestingReportsUITestsLaunchTests.swift */; };
/* End PBXBuildFile section */

/* Begin PBXContainerItemProxy section */
		FC0DEEFC29F4B24C00E249B6 /* PBXContainerItemProxy */ = {
			isa = PBXContainerItemProxy;
			containerPortal = FC0DEEE329F4B24A00E249B6 /* Project object */;
			proxyType = 1;
			remoteGlobalIDString = FC0DEEEA29F4B24A00E249B6;
			remoteInfo = TestingReports;
		};
		FC0DEF0629F4B24C00E249B6 /* PBXContainerItemProxy */ = {
			isa = PBXContainerItemProxy;
			containerPortal = FC0DEEE329F4B24A00E249B6 /* Project object */;
			proxyType = 1;
			remoteGlobalIDString = FC0DEEEA29F4B24A00E249B6;
			remoteInfo = TestingReports;
		};
/* End PBXContainerItemProxy section */

/* Begin PBXFileReference section */
		FC0DEEEB29F4B24A00E249B6 /* TestingReports.app */ = {isa = PBXFileReference; explicitFileType = wrapper.application; includeInIndex = 0; path = TestingReports.app; sourceTree = BUILT_PRODUCTS_DIR; };
		FC0DEEEE29F4B24A00E249B6 /* TestingReportsApp.swift */ = {isa = PBXFileReference; lastKnownFileType = sourcecode.swift; path = TestingReportsApp.swift; sourceTree = "<group>"; };
		FC0DEEF029F4B24A00E249B6 /* ContentView.swift */ = {isa = PBXFileReference; lastKnownFileType = sourcecode.swift; path = ContentView.swift; sourceTree = "<group>"; };
		FC0DEEF229F4B24C00E249B6 /* Assets.xcassets */ = {isa = PBXFileReference; lastKnownFileType = folder.assetcatalog; path = Assets.xcassets; sourceTree = "<group>"; };
		FC0DEEF529F4B24C00E249B6 /* Preview Assets.xcassets */ = {isa = PBXFileReference; lastKnownFileType = folder.assetcatalog; path = "Preview Assets.xcassets"; sourceTree = "<group>"; };
		FC0DEEFB29F4B24C00E249B6 /* TestingReportsTests.xctest */ = {isa = PBXFileReference; explicitFileType = wrapper.cfbundle; includeInIndex = 0; path = TestingReportsTests.xctest; sourceTree = BUILT_PRODUCTS_DIR; };
		FC0DEEFF29F4B24C00E249B6 /* TestingReportsTests.swift */ = {isa = PBXFileReference; lastKnownFileType = sourcecode.swift; path = TestingReportsTests.swift; sourceTree = "<group>"; };
		FC0DEF0529F4B24C00E249B6 /* TestingReportsUITests.xctest */ = {isa = PBXFileReference; explicitFileType = wrapper.cfbundle; includeInIndex = 0; path = TestingReportsUITests.xctest; sourceTree = BUILT_PRODUCTS_DIR; };
		FC0DEF0929F4B24C00E249B6 /* TestingReportsUITests.swift */ = {isa = PBXFileReference; lastKnownFileType = sourcecode.swift; path = TestingReportsUITests.swift; sourceTree = "<group>"; };
		FC0DEF0B29F4B24C00E249B6 /* TestingReportsUITestsLaunchTests.swift */ = {isa = PBXFileReference; lastKnownFileType = sourcecode.swift; path = TestingReportsUITestsLaunchTests.swift; sourceTree = "<group>"; };
/* End PBXFileReference section */

/* Begin PBXFrameworksBuildPhase section */
		FC0DEEE829F4B24A00E249B6 /* Frameworks */ = {
			isa = PBXFrameworksBuildPhase;
			buildActionMask = 2147483647;
			files = (
			);
			runOnlyForDeploymentPostprocessing = 0;
		};
		FC0DEEF829F4B24C00E249B6 /* Frameworks */ = {
			isa = PBXFrameworksBuildPhase;
			buildActionMask = 2147483647;
			files = (
			);
			runOnlyForDeploymentPostprocessing = 0;
		};
		FC0DEF0229F4B24C00E249B6 /* Frameworks */ = {
			isa = PBXFrameworksBuildPhase;
			buildActionMask = 2147483647;
			files = (
			);
			runOnlyForDeploymentPostprocessing = 0;
		};
/* End PBXFrameworksBuildPhase section */

/* Begin PBXGroup section */
		FC0DEEE229F4B24A00E249B6 = {
			isa = PBXGroup;
			children = (
				FC0DEEED29F4B24A00E249B6 /* TestingReports */,
				FC0DEEFE29F4B24C00E249B6 /* TestingReportsTests */,
				FC0DEF0829F4B24C00E249B6 /* TestingReportsUITests */,
				FC0DEEEC29F4B24A00E249B6 /* Products */,
			);
			sourceTree = "<group>";
		};
		FC0DEEEC29F4B24A00E249B6 /* Products */ = {
			isa = PBXGroup;
			children = (
				FC0DEEEB29F4B24A00E249B6 /* TestingReports.app */,
				FC0DEEFB29F4B24C00E249B6 /* TestingReportsTests.xctest */,
				FC0DEF0529F4B24C00E249B6 /* TestingReportsUITests.xctest */,
			);
			name = Products;
			sourceTree = "<group>";
		};
		FC0DEEED29F4B24A00E249B6 /* TestingReports */ = {
			isa = PBXGroup;
			children = (
				FC0DEEEE29F4B24A00E249B6 /* TestingReportsApp.swift */,
				FC0DEEF029F4B24A00E249B6 /* ContentView.swift */,
				FC0DEEF229F4B24C00E249B6 /* Assets.xcassets */,
				FC0DEEF429F4B24C00E249B6 /* Preview Content */,
			);
			path = TestingReports;
			sourceTree = "<group>";
		};
		FC0DEEF429F4B24C00E249B6 /* Preview Content */ = {
			isa = PBXGroup;
			children = (
				FC0DEEF529F4B24C00E249B6 /* Preview Assets.xcassets */,
			);
			path = "Preview Content";
			sourceTree = "<group>";
		};
		FC0DEEFE29F4B24C00E249B6 /* TestingReportsTests */ = {
			isa = PBXGroup;
			children = (
				FC0DEEFF29F4B24C00E249B6 /* TestingReportsTests.swift */,
			);
			path = TestingReportsTests;
			sourceTree = "<group>";
		};
		FC0DEF0829F4B24C00E249B6 /* TestingReportsUITests */ = {
			isa = PBXGroup;
			children = (
				FC0DEF0929F4B24C00E249B6 /* TestingReportsUITests.swift */,
				FC0DEF0B29F4B24C00E249B6 /* TestingReportsUITestsLaunchTests.swift */,
			);
			path = TestingReportsUITests;
			sourceTree = "<group>";
		};
/* End PBXGroup section */

/* Begin PBXNativeTarget section */
		FC0DEEEA29F4B24A00E249B6 /* TestingReports */ = {
			isa = PBXNativeTarget;
			buildConfigurationList = FC0DEF0F29F4B24C00E249B6 /* Build configuration list for PBXNativeTarget "TestingReports" */;
			buildPhases = (
				FC0DEEE729F4B24A00E249B6 /* Sources */,
				FC0DEEE829F4B24A00E249B6 /* Frameworks */,
				FC0DEEE929F4B24A00E249B6 /* Resources */,
			);
			buildRules = (
			);
			dependencies = (
			);
			name = TestingReports;
			productName = TestingReports;
			productReference = FC0DEEEB29F4B24A00E249B6 /* TestingReports.app */;
			productType = "com.apple.product-type.application";
		};
		FC0DEEFA29F4B24C00E249B6 /* TestingReportsTests */ = {
			isa = PBXNativeTarget;
			buildConfigurationList = FC0DEF1229F4B24C00E249B6 /* Build configuration list for PBXNativeTarget "TestingReportsTests" */;
			buildPhases = (
				FC0DEEF729F4B24C00E249B6 /* Sources */,
				FC0DEEF829F4B24C00E249B6 /* Frameworks */,
				FC0DEEF929F4B24C00E249B6 /* Resources */,
			);
			buildRules = (
			);
			dependencies = (
				FC0DEEFD29F4B24C00E249B6 /* PBXTargetDependency */,
			);
			name = TestingReportsTests;
			productName = TestingReportsTests;
			productReference = FC0DEEFB29F4B24C00E249B6 /* TestingReportsTests.xctest */;
			productType = "com.apple.product-type.bundle.unit-test";
		};
		FC0DEF0429F4B24C00E249B6 /* TestingReportsUITests */ = {
			isa = PBXNativeTarget;
			buildConfigurationList = FC0DEF1529F4B24C00E249B6 /* Build configuration list for PBXNativeTarget "TestingReportsUITests" */;
			buildPhases = (
				FC0DEF0129F4B24C00E249B6 /* Sources */,
				FC0DEF0229F4B24C00E249B6 /* Frameworks */,
				FC0DEF0329F4B24C00E249B6 /* Resources */,
			);
			buildRules = (
			);
			dependencies = (
				FC0DEF0729F4B24C00E249B6 /* PBXTargetDependency */,
			);
			name = TestingReportsUITests;
			productName = TestingReportsUITests;
			productReference = FC0DEF0529F4B24C00E249B6 /* TestingReportsUITests.xctest */;
			productType = "com.apple.product-type.bundle.ui-testing";
		};
/* End PBXNativeTarget section */

/* Begin PBXProject section */
		FC0DEEE329F4B24A00E249B6 /* Project object */ = {
			isa = PBXProject;
			attributes = {
				BuildIndependentTargetsInParallel = 1;
				LastSwiftUpdateCheck = 1420;
				LastUpgradeCheck = 1420;
				TargetAttributes = {
					FC0DEEEA29F4B24A00E249B6 = {
						CreatedOnToolsVersion = 14.2;
					};
					FC0DEEFA29F4B24C00E249B6 = {
						CreatedOnToolsVersion = 14.2;
						TestTargetID = FC0DEEEA29F4B24A00E249B6;
					};
					FC0DEF0429F4B24C00E249B6 = {
						CreatedOnToolsVersion = 14.2;
						TestTargetID = FC0DEEEA29F4B24A00E249B6;
					};
				};
			};
			buildConfigurationList = FC0DEEE629F4B24A00E249B6 /* Build configuration list for PBXProject "TestingReports" */;
			compatibilityVersion = "Xcode 14.0";
			developmentRegion = en;
			hasScannedForEncodings = 0;
			knownRegions = (
				en,
				Base,
			);
			mainGroup = FC0DEEE229F4B24A00E249B6;
			productRefGroup = FC0DEEEC29F4B24A00E249B6 /* Products */;
			projectDirPath = "";
			projectRoot = "";
			targets = (
				FC0DEEEA29F4B24A00E249B6 /* TestingReports */,
				FC0DEEFA29F4B24C00E249B6 /* TestingReportsTests */,
				FC0DEF0429F4B24C00E249B6 /* TestingReportsUITests */,
			);
		};
/* End PBXProject section */

/* Begin PBXResourcesBuildPhase section */
		FC0DEEE929F4B24A00E249B6 /* Resources */ = {
			isa = PBXResourcesBuildPhase;
			buildActionMask = 2147483647;
			files = (
				FC0DEEF629F4B24C00E249B6 /* Preview Assets.xcassets in Resources */,
				FC0DEEF329F4B24C00E249B6 /* Assets.xcassets in Resources */,
			);
			runOnlyForDeploymentPostprocessing = 0;
		};
		FC0DEEF929F4B24C00E249B6 /* Resources */ = {
			isa = PBXResourcesBuildPhase;
			buildActionMask = 2147483647;
			files = (
			);
			runOnlyForDeploymentPostprocessing = 0;
		};
		FC0DEF0329F4B24C00E249B6 /* Resources */ = {
			isa = PBXResourcesBuildPhase;
			buildActionMask = 2147483647;
			files = (
			);
			runOnlyForDeploymentPostprocessing = 0;
		};
/* End PBXResourcesBuildPhase section */

/* Begin PBXSourcesBuildPhase section */
		FC0DEEE729F4B24A00E249B6 /* Sources */ = {
			isa = PBXSourcesBuildPhase;
			buildActionMask = 2147483647;
			files = (
				FC0DEEF129F4B24A00E249B6 /* ContentView.swift in Sources */,
				FC0DEEEF29F4B24A00E249B6 /* TestingReportsApp.swift in Sources */,
			);
			runOnlyForDeploymentPostprocessing = 0;
		};
		FC0DEEF729F4B24C00E249B6 /* Sources */ = {
			isa = PBXSourcesBuildPhase;
			buildActionMask = 2147483647;
			files = (
				FC0DEF0029F4B24C00E249B6 /* TestingReportsTests.swift in Sources */,
			);
			runOnlyForDeploymentPostprocessing = 0;
		};
		FC0DEF0129F4B24C00E249B6 /* Sources */ = {
			isa = PBXSourcesBuildPhase;
			buildActionMask = 2147483647;
			files = (
				FC0DEF0A29F4B24C00E249B6 /* TestingReportsUITests.swift in Sources */,
				FC0DEF0C29F4B24C00E249B6 /* TestingReportsUITestsLaunchTests.swift in Sources */,
			);
			runOnlyForDeploymentPostprocessing = 0;
		};
/* End PBXSourcesBuildPhase section */

/* Begin PBXTargetDependency section */
		FC0DEEFD29F4B24C00E249B6 /* PBXTargetDependency */ = {
			isa = PBXTargetDependency;
			target = FC0DEEEA29F4B24A00E249B6 /* TestingReports */;
			targetProxy = FC0DEEFC29F4B24C00E249B6 /* PBXContainerItemProxy */;
		};
		FC0DEF0729F4B24C00E249B6 /* PBXTargetDependency */ = {
			isa = PBXTargetDependency;
			target = FC0DEEEA29F4B24A00E249B6 /* TestingReports */;
			targetProxy = FC0DEF0629F4B24C00E249B6 /* PBXContainerItemProxy */;
		};
/* End PBXTargetDependency section */

/* Begin XCBuildConfiguration section */
		FC0DEF0D29F4B24C00E249B6 /* Debug */ = {
			isa = XCBuildConfiguration;
			buildSettings = {
				ALWAYS_SEARCH_USER_PATHS = NO;
				CLANG_ANALYZER_NONNULL = YES;
				CLANG_ANALYZER_NUMBER_OBJECT_CONVERSION = YES_AGGRESSIVE;
				CLANG_CXX_LANGUAGE_STANDARD = "gnu++20";
				CLANG_ENABLE_MODULES = YES;
				CLANG_ENABLE_OBJC_ARC = YES;
				CLANG_ENABLE_OBJC_WEAK = YES;
				CLANG_WARN_BLOCK_CAPTURE_AUTORELEASING = YES;
				CLANG_WARN_BOOL_CONVERSION = YES;
				CLANG_WARN_COMMA = YES;
				CLANG_WARN_CONSTANT_CONVERSION = YES;
				CLANG_WARN_DEPRECATED_OBJC_IMPLEMENTATIONS = YES;
				CLANG_WARN_DIRECT_OBJC_ISA_USAGE = YES_ERROR;
				CLANG_WARN_DOCUMENTATION_COMMENTS = YES;
				CLANG_WARN_EMPTY_BODY = YES;
				CLANG_WARN_ENUM_CONVERSION = YES;
				CLANG_WARN_INFINITE_RECURSION = YES;
				CLANG_WARN_INT_CONVERSION = YES;
				CLANG_WARN_NON_LITERAL_NULL_CONVERSION = YES;
				CLANG_WARN_OBJC_IMPLICIT_RETAIN_SELF = YES;
				CLANG_WARN_OBJC_LITERAL_CONVERSION = YES;
				CLANG_WARN_OBJC_ROOT_CLASS = YES_ERROR;
				CLANG_WARN_QUOTED_INCLUDE_IN_FRAMEWORK_HEADER = YES;
				CLANG_WARN_RANGE_LOOP_ANALYSIS = YES;
				CLANG_WARN_STRICT_PROTOTYPES = YES;
				CLANG_WARN_SUSPICIOUS_MOVE = YES;
				CLANG_WARN_UNGUARDED_AVAILABILITY = YES_AGGRESSIVE;
				CLANG_WARN_UNREACHABLE_CODE = YES;
				CLANG_WARN__DUPLICATE_METHOD_MATCH = YES;
				COPY_PHASE_STRIP = NO;
				DEBUG_INFORMATION_FORMAT = dwarf;
				ENABLE_STRICT_OBJC_MSGSEND = YES;
				ENABLE_TESTABILITY = YES;
				GCC_C_LANGUAGE_STANDARD = gnu11;
				GCC_DYNAMIC_NO_PIC = NO;
				GCC_NO_COMMON_BLOCKS = YES;
				GCC_OPTIMIZATION_LEVEL = 0;
				GCC_PREPROCESSOR_DEFINITIONS = (
					"DEBUG=1",
					"$(inherited)",
				);
				GCC_WARN_64_TO_32_BIT_CONVERSION = YES;
				GCC_WARN_ABOUT_RETURN_TYPE = YES_ERROR;
				GCC_WARN_UNDECLARED_SELECTOR = YES;
				GCC_WARN_UNINITIALIZED_AUTOS = YES_AGGRESSIVE;
				GCC_WARN_UNUSED_FUNCTION = YES;
				GCC_WARN_UNUSED_VARIABLE = YES;
				IPHONEOS_DEPLOYMENT_TARGET = 16.2;
				MTL_ENABLE_DEBUG_INFO = INCLUDE_SOURCE;
				MTL_FAST_MATH = YES;
				ONLY_ACTIVE_ARCH = YES;
				SDKROOT = iphoneos;
				SWIFT_ACTIVE_COMPILATION_CONDITIONS = DEBUG;
				SWIFT_OPTIMIZATION_LEVEL = "-Onone";
			};
			name = Debug;
		};
		FC0DEF0E29F4B24C00E249B6 /* Release */ = {
			isa = XCBuildConfiguration;
			buildSettings = {
				ALWAYS_SEARCH_USER_PATHS = NO;
				CLANG_ANALYZER_NONNULL = YES;
				CLANG_ANALYZER_NUMBER_OBJECT_CONVERSION = YES_AGGRESSIVE;
				CLANG_CXX_LANGUAGE_STANDARD = "gnu++20";
				CLANG_ENABLE_MODULES = YES;
				CLANG_ENABLE_OBJC_ARC = YES;
				CLANG_ENABLE_OBJC_WEAK = YES;
				CLANG_WARN_BLOCK_CAPTURE_AUTORELEASING = YES;
				CLANG_WARN_BOOL_CONVERSION = YES;
				CLANG_WARN_COMMA = YES;
				CLANG_WARN_CONSTANT_CONVERSION = YES;
				CLANG_WARN_DEPRECATED_OBJC_IMPLEMENTATIONS = YES;
				CLANG_WARN_DIRECT_OBJC_ISA_USAGE = YES_ERROR;
				CLANG_WARN_DOCUMENTATION_COMMENTS = YES;
				CLANG_WARN_EMPTY_BODY = YES;
				CLANG_WARN_ENUM_CONVERSION = YES;
				CLANG_WARN_INFINITE_RECURSION = YES;
				CLANG_WARN_INT_CONVERSION = YES;
				CLANG_WARN_NON_LITERAL_NULL_CONVERSION = YES;
				CLANG_WARN_OBJC_IMPLICIT_RETAIN_SELF = YES;
				CLANG_WARN_OBJC_LITERAL_CONVERSION = YES;
				CLANG_WARN_OBJC_ROOT_CLASS = YES_ERROR;
				CLANG_WARN_QUOTED_INCLUDE_IN_FRAMEWORK_HEADER = YES;
				CLANG_WARN_RANGE_LOOP_ANALYSIS = YES;
				CLANG_WARN_STRICT_PROTOTYPES = YES;
				CLANG_WARN_SUSPICIOUS_MOVE = YES;
				CLANG_WARN_UNGUARDED_AVAILABILITY = YES_AGGRESSIVE;
				CLANG_WARN_UNREACHABLE_CODE = YES;
				CLANG_WARN__DUPLICATE_METHOD_MATCH = YES;
				COPY_PHASE_STRIP = NO;
				DEBUG_INFORMATION_FORMAT = "dwarf-with-dsym";
				ENABLE_NS_ASSERTIONS = NO;
				ENABLE_STRICT_OBJC_MSGSEND = YES;
				GCC_C_LANGUAGE_STANDARD = gnu11;
				GCC_NO_COMMON_BLOCKS = YES;
				GCC_WARN_64_TO_32_BIT_CONVERSION = YES;
				GCC_WARN_ABOUT_RETURN_TYPE = YES_ERROR;
				GCC_WARN_UNDECLARED_SELECTOR = YES;
				GCC_WARN_UNINITIALIZED_AUTOS = YES_AGGRESSIVE;
				GCC_WARN_UNUSED_FUNCTION = YES;
				GCC_WARN_UNUSED_VARIABLE = YES;
				IPHONEOS_DEPLOYMENT_TARGET = 16.2;
				MTL_ENABLE_DEBUG_INFO = NO;
				MTL_FAST_MATH = YES;
				SDKROOT = iphoneos;
				SWIFT_COMPILATION_MODE = wholemodule;
				SWIFT_OPTIMIZATION_LEVEL = "-O";
				VALIDATE_PRODUCT = YES;
			};
			name = Release;
		};
		FC0DEF1029F4B24C00E249B6 /* Debug */ = {
			isa = XCBuildConfiguration;
			buildSettings = {
				ASSETCATALOG_COMPILER_APPICON_NAME = AppIcon;
				ASSETCATALOG_COMPILER_GLOBAL_ACCENT_COLOR_NAME = AccentColor;
				CODE_SIGN_STYLE = Automatic;
				CURRENT_PROJECT_VERSION = 1;
				DEVELOPMENT_ASSET_PATHS = "\"TestingReports/Preview Content\"";
				DEVELOPMENT_TEAM = ZS8DK64B74;
				ENABLE_PREVIEWS = YES;
				GENERATE_INFOPLIST_FILE = YES;
				INFOPLIST_KEY_UIApplicationSceneManifest_Generation = YES;
				INFOPLIST_KEY_UIApplicationSupportsIndirectInputEvents = YES;
				INFOPLIST_KEY_UILaunchScreen_Generation = YES;
				INFOPLIST_KEY_UISupportedInterfaceOrientations_iPad = "UIInterfaceOrientationPortrait UIInterfaceOrientationPortraitUpsideDown UIInterfaceOrientationLandscapeLeft UIInterfaceOrientationLandscapeRight";
				INFOPLIST_KEY_UISupportedInterfaceOrientations_iPhone = "UIInterfaceOrientationPortrait UIInterfaceOrientationLandscapeLeft UIInterfaceOrientationLandscapeRight";
				LD_RUNPATH_SEARCH_PATHS = (
					"$(inherited)",
					"@executable_path/Frameworks",
				);
				MARKETING_VERSION = 1.0;
				PRODUCT_BUNDLE_IDENTIFIER = com.Ancajima.X.Paul.TestingReports;
				PRODUCT_NAME = "$(TARGET_NAME)";
				SWIFT_EMIT_LOC_STRINGS = YES;
				SWIFT_VERSION = 5.0;
				TARGETED_DEVICE_FAMILY = "1,2";
			};
			name = Debug;
		};
		FC0DEF1129F4B24C00E249B6 /* Release */ = {
			isa = XCBuildConfiguration;
			buildSettings = {
				ASSETCATALOG_COMPILER_APPICON_NAME = AppIcon;
				ASSETCATALOG_COMPILER_GLOBAL_ACCENT_COLOR_NAME = AccentColor;
				CODE_SIGN_STYLE = Automatic;
				CURRENT_PROJECT_VERSION = 1;
				DEVELOPMENT_ASSET_PATHS = "\"TestingReports/Preview Content\"";
				DEVELOPMENT_TEAM = ZS8DK64B74;
				ENABLE_PREVIEWS = YES;
				GENERATE_INFOPLIST_FILE = YES;
				INFOPLIST_KEY_UIApplicationSceneManifest_Generation = YES;
				INFOPLIST_KEY_UIApplicationSupportsIndirectInputEvents = YES;
				INFOPLIST_KEY_UILaunchScreen_Generation = YES;
				INFOPLIST_KEY_UISupportedInterfaceOrientations_iPad = "UIInterfaceOrientationPortrait UIInterfaceOrientationPortraitUpsideDown UIInterfaceOrientationLandscapeLeft UIInterfaceOrientationLandscapeRight";
				INFOPLIST_KEY_UISupportedInterfaceOrientations_iPhone = "UIInterfaceOrientationPortrait UIInterfaceOrientationLandscapeLeft UIInterfaceOrientationLandscapeRight";
				LD_RUNPATH_SEARCH_PATHS = (
					"$(inherited)",
					"@executable_path/Frameworks",
				);
				MARKETING_VERSION = 1.0;
				PRODUCT_BUNDLE_IDENTIFIER = com.Ancajima.X.Paul.TestingReports;
				PRODUCT_NAME = "$(TARGET_NAME)";
				SWIFT_EMIT_LOC_STRINGS = YES;
				SWIFT_VERSION = 5.0;
				TARGETED_DEVICE_FAMILY = "1,2";
			};
			name = Release;
		};
		FC0DEF1329F4B24C00E249B6 /* Debug */ = {
			isa = XCBuildConfiguration;
			buildSettings = {
				ALWAYS_EMBED_SWIFT_STANDARD_LIBRARIES = YES;
				BUNDLE_LOADER = "$(TEST_HOST)";
				CODE_SIGN_STYLE = Automatic;
				CURRENT_PROJECT_VERSION = 1;
				DEVELOPMENT_TEAM = ZS8DK64B74;
				GENERATE_INFOPLIST_FILE = YES;
				IPHONEOS_DEPLOYMENT_TARGET = 16.2;
				MARKETING_VERSION = 1.0;
				PRODUCT_BUNDLE_IDENTIFIER = com.Ancajima.X.Paul.TestingReportsTests;
				PRODUCT_NAME = "$(TARGET_NAME)";
				SWIFT_EMIT_LOC_STRINGS = NO;
				SWIFT_VERSION = 5.0;
				TARGETED_DEVICE_FAMILY = "1,2";
				TEST_HOST = "$(BUILT_PRODUCTS_DIR)/TestingReports.app/$(BUNDLE_EXECUTABLE_FOLDER_PATH)/TestingReports";
			};
			name = Debug;
		};
		FC0DEF1429F4B24C00E249B6 /* Release */ = {
			isa = XCBuildConfiguration;
			buildSettings = {
				ALWAYS_EMBED_SWIFT_STANDARD_LIBRARIES = YES;
				BUNDLE_LOADER = "$(TEST_HOST)";
				CODE_SIGN_STYLE = Automatic;
				CURRENT_PROJECT_VERSION = 1;
				DEVELOPMENT_TEAM = ZS8DK64B74;
				GENERATE_INFOPLIST_FILE = YES;
				IPHONEOS_DEPLOYMENT_TARGET = 16.2;
				MARKETING_VERSION = 1.0;
				PRODUCT_BUNDLE_IDENTIFIER = com.Ancajima.X.Paul.TestingReportsTests;
				PRODUCT_NAME = "$(TARGET_NAME)";
				SWIFT_EMIT_LOC_STRINGS = NO;
				SWIFT_VERSION = 5.0;
				TARGETED_DEVICE_FAMILY = "1,2";
				TEST_HOST = "$(BUILT_PRODUCTS_DIR)/TestingReports.app/$(BUNDLE_EXECUTABLE_FOLDER_PATH)/TestingReports";
			};
			name = Release;
		};
		FC0DEF1629F4B24C00E249B6 /* Debug */ = {
			isa = XCBuildConfiguration;
			buildSettings = {
				ALWAYS_EMBED_SWIFT_STANDARD_LIBRARIES = YES;
				CODE_SIGN_STYLE = Automatic;
				CURRENT_PROJECT_VERSION = 1;
				DEVELOPMENT_TEAM = ZS8DK64B74;
				GENERATE_INFOPLIST_FILE = YES;
				MARKETING_VERSION = 1.0;
				PRODUCT_BUNDLE_IDENTIFIER = com.Ancajima.X.Paul.TestingReportsUITests;
				PRODUCT_NAME = "$(TARGET_NAME)";
				SWIFT_EMIT_LOC_STRINGS = NO;
				SWIFT_VERSION = 5.0;
				TARGETED_DEVICE_FAMILY = "1,2";
				TEST_TARGET_NAME = TestingReports;
			};
			name = Debug;
		};
		FC0DEF1729F4B24C00E249B6 /* Release */ = {
			isa = XCBuildConfiguration;
			buildSettings = {
				ALWAYS_EMBED_SWIFT_STANDARD_LIBRARIES = YES;
				CODE_SIGN_STYLE = Automatic;
				CURRENT_PROJECT_VERSION = 1;
				DEVELOPMENT_TEAM = ZS8DK64B74;
				GENERATE_INFOPLIST_FILE = YES;
				MARKETING_VERSION = 1.0;
				PRODUCT_BUNDLE_IDENTIFIER = com.Ancajima.X.Paul.TestingReportsUITests;
				PRODUCT_NAME = "$(TARGET_NAME)";
				SWIFT_EMIT_LOC_STRINGS = NO;
				SWIFT_VERSION = 5.0;
				TARGETED_DEVICE_FAMILY = "1,2";
				TEST_TARGET_NAME = TestingReports;
			};
			name = Release;
		};
/* End XCBuildConfiguration section */

/* Begin XCConfigurationList section */
		FC0DEEE629F4B24A00E249B6 /* Build configuration list for PBXProject "TestingReports" */ = {
			isa = XCConfigurationList;
			buildConfigurations = (
				FC0DEF0D29F4B24C00E249B6 /* Debug */,
				FC0DEF0E29F4B24C00E249B6 /* Release */,
			);
			defaultConfigurationIsVisible = 0;
			defaultConfigurationName = Release;
		};
		FC0DEF0F29F4B24C00E249B6 /* Build configuration list for PBXNativeTarget "TestingReports" */ = {
			isa = XCConfigurationList;
			buildConfigurations = (
				FC0DEF1029F4B24C00E249B6 /* Debug */,
				FC0DEF1129F4B24C00E249B6 /* Release */,
			);
			defaultConfigurationIsVisible = 0;
			defaultConfigurationName = Release;
		};
		FC0DEF1229F4B24C00E249B6 /* Build configuration list for PBXNativeTarget "TestingReportsTests" */ = {
			isa = XCConfigurationList;
			buildConfigurations = (
				FC0DEF1329F4B24C00E249B6 /* Debug */,
				FC0DEF1429F4B24C00E249B6 /* Release */,
			);
			defaultConfigurationIsVisible = 0;
			defaultConfigurationName = Release;
		};
		FC0DEF1529F4B24C00E249B6 /* Build configuration list for PBXNativeTarget "TestingReportsUITests" */ = {
			isa = XCConfigurationList;
			buildConfigurations = (
				FC0DEF1629F4B24C00E249B6 /* Debug */,
				FC0DEF1729F4B24C00E249B6 /* Release */,
			);
			defaultConfigurationIsVisible = 0;
			defaultConfigurationName = Release;
		};
/* End XCConfigurationList section */
	};
	rootObject = FC0DEEE329F4B24A00E249B6 /* Project object */;
}
